// !$*UTF8*$!
{
	archiveVersion = 1;
	classes = {
	};
	objectVersion = 48;
	objects = {

/* Begin PBXBuildFile section */
		C8BC25912046955600DBDF5D /* AppDelegate.swift in Sources */ = {isa = PBXBuildFile; fileRef = C8BC25902046955600DBDF5D /* AppDelegate.swift */; };
		C8BC25932046955600DBDF5D /* ViewController.swift in Sources */ = {isa = PBXBuildFile; fileRef = C8BC25922046955600DBDF5D /* ViewController.swift */; };
		C8BC25962046955600DBDF5D /* Main.storyboard in Resources */ = {isa = PBXBuildFile; fileRef = C8BC25942046955600DBDF5D /* Main.storyboard */; };
		C8BC25982046955600DBDF5D /* Assets.xcassets in Resources */ = {isa = PBXBuildFile; fileRef = C8BC25972046955600DBDF5D /* Assets.xcassets */; };
		C8BC259B2046955600DBDF5D /* LaunchScreen.storyboard in Resources */ = {isa = PBXBuildFile; fileRef = C8BC25992046955600DBDF5D /* LaunchScreen.storyboard */; };
		C8BC25A62046955600DBDF5D /* SlideshowAppTests.swift in Sources */ = {isa = PBXBuildFile; fileRef = C8BC25A52046955600DBDF5D /* SlideshowAppTests.swift */; };
		C8BC25B12046955600DBDF5D /* SlideshowAppUITests.swift in Sources */ = {isa = PBXBuildFile; fileRef = C8BC25B02046955600DBDF5D /* SlideshowAppUITests.swift */; };
		C8BC25BF204696F000DBDF5D /* 画像①.jpg in Resources */ = {isa = PBXBuildFile; fileRef = C8BC25BE204696F000DBDF5D /* 画像①.jpg */; };
		C8BC25C1204697EC00DBDF5D /* resultViewController.swift in Sources */ = {isa = PBXBuildFile; fileRef = C8BC25C0204697EC00DBDF5D /* resultViewController.swift */; };
		C8BC25C320469A0C00DBDF5D /* 画像②.jpg in Resources */ = {isa = PBXBuildFile; fileRef = C8BC25C220469A0C00DBDF5D /* 画像②.jpg */; };
		C8BC25C520469A0F00DBDF5D /* 画像③.jpg in Resources */ = {isa = PBXBuildFile; fileRef = C8BC25C420469A0F00DBDF5D /* 画像③.jpg */; };
/* End PBXBuildFile section */

/* Begin PBXContainerItemProxy section */
		C8BC25A22046955600DBDF5D /* PBXContainerItemProxy */ = {
			isa = PBXContainerItemProxy;
			containerPortal = C8BC25852046955600DBDF5D /* Project object */;
			proxyType = 1;
			remoteGlobalIDString = C8BC258C2046955600DBDF5D;
			remoteInfo = SlideshowApp;
		};
		C8BC25AD2046955600DBDF5D /* PBXContainerItemProxy */ = {
			isa = PBXContainerItemProxy;
			containerPortal = C8BC25852046955600DBDF5D /* Project object */;
			proxyType = 1;
			remoteGlobalIDString = C8BC258C2046955600DBDF5D;
			remoteInfo = SlideshowApp;
		};
/* End PBXContainerItemProxy section */

/* Begin PBXFileReference section */
		C8BC258D2046955600DBDF5D /* SlideshowApp.app */ = {isa = PBXFileReference; explicitFileType = wrapper.application; includeInIndex = 0; path = SlideshowApp.app; sourceTree = BUILT_PRODUCTS_DIR; };
		C8BC25902046955600DBDF5D /* AppDelegate.swift */ = {isa = PBXFileReference; lastKnownFileType = sourcecode.swift; path = AppDelegate.swift; sourceTree = "<group>"; };
		C8BC25922046955600DBDF5D /* ViewController.swift */ = {isa = PBXFileReference; lastKnownFileType = sourcecode.swift; path = ViewController.swift; sourceTree = "<group>"; };
		C8BC25952046955600DBDF5D /* Base */ = {isa = PBXFileReference; lastKnownFileType = file.storyboard; name = Base; path = Base.lproj/Main.storyboard; sourceTree = "<group>"; };
		C8BC25972046955600DBDF5D /* Assets.xcassets */ = {isa = PBXFileReference; lastKnownFileType = folder.assetcatalog; path = Assets.xcassets; sourceTree = "<group>"; };
		C8BC259A2046955600DBDF5D /* Base */ = {isa = PBXFileReference; lastKnownFileType = file.storyboard; name = Base; path = Base.lproj/LaunchScreen.storyboard; sourceTree = "<group>"; };
		C8BC259C2046955600DBDF5D /* Info.plist */ = {isa = PBXFileReference; lastKnownFileType = text.plist.xml; path = Info.plist; sourceTree = "<group>"; };
		C8BC25A12046955600DBDF5D /* SlideshowAppTests.xctest */ = {isa = PBXFileReference; explicitFileType = wrapper.cfbundle; includeInIndex = 0; path = SlideshowAppTests.xctest; sourceTree = BUILT_PRODUCTS_DIR; };
		C8BC25A52046955600DBDF5D /* SlideshowAppTests.swift */ = {isa = PBXFileReference; lastKnownFileType = sourcecode.swift; path = SlideshowAppTests.swift; sourceTree = "<group>"; };
		C8BC25A72046955600DBDF5D /* Info.plist */ = {isa = PBXFileReference; lastKnownFileType = text.plist.xml; path = Info.plist; sourceTree = "<group>"; };
		C8BC25AC2046955600DBDF5D /* SlideshowAppUITests.xctest */ = {isa = PBXFileReference; explicitFileType = wrapper.cfbundle; includeInIndex = 0; path = SlideshowAppUITests.xctest; sourceTree = BUILT_PRODUCTS_DIR; };
		C8BC25B02046955600DBDF5D /* SlideshowAppUITests.swift */ = {isa = PBXFileReference; lastKnownFileType = sourcecode.swift; path = SlideshowAppUITests.swift; sourceTree = "<group>"; };
		C8BC25B22046955600DBDF5D /* Info.plist */ = {isa = PBXFileReference; lastKnownFileType = text.plist.xml; path = Info.plist; sourceTree = "<group>"; };
		C8BC25BE204696F000DBDF5D /* 画像①.jpg */ = {isa = PBXFileReference; lastKnownFileType = image.jpeg; path = "画像①.jpg"; sourceTree = "<group>"; };
		C8BC25C0204697EC00DBDF5D /* resultViewController.swift */ = {isa = PBXFileReference; lastKnownFileType = sourcecode.swift; path = resultViewController.swift; sourceTree = "<group>"; };
		C8BC25C220469A0C00DBDF5D /* 画像②.jpg */ = {isa = PBXFileReference; lastKnownFileType = image.jpeg; path = "画像②.jpg"; sourceTree = "<group>"; };
		C8BC25C420469A0F00DBDF5D /* 画像③.jpg */ = {isa = PBXFileReference; lastKnownFileType = image.jpeg; path = "画像③.jpg"; sourceTree = "<group>"; };
/* End PBXFileReference section */

/* Begin PBXFrameworksBuildPhase section */
		C8BC258A2046955600DBDF5D /* Frameworks */ = {
			isa = PBXFrameworksBuildPhase;
			buildActionMask = 2147483647;
			files = (
			);
			runOnlyForDeploymentPostprocessing = 0;
		};
		C8BC259E2046955600DBDF5D /* Frameworks */ = {
			isa = PBXFrameworksBuildPhase;
			buildActionMask = 2147483647;
			files = (
			);
			runOnlyForDeploymentPostprocessing = 0;
		};
		C8BC25A92046955600DBDF5D /* Frameworks */ = {
			isa = PBXFrameworksBuildPhase;
			buildActionMask = 2147483647;
			files = (
			);
			runOnlyForDeploymentPostprocessing = 0;
		};
/* End PBXFrameworksBuildPhase section */

/* Begin PBXGroup section */
		C8BC25842046955600DBDF5D = {
			isa = PBXGroup;
			children = (
				C8BC258F2046955600DBDF5D /* SlideshowApp */,
				C8BC25A42046955600DBDF5D /* SlideshowAppTests */,
				C8BC25AF2046955600DBDF5D /* SlideshowAppUITests */,
				C8BC258E2046955600DBDF5D /* Products */,
			);
			sourceTree = "<group>";
		};
		C8BC258E2046955600DBDF5D /* Products */ = {
			isa = PBXGroup;
			children = (
				C8BC258D2046955600DBDF5D /* SlideshowApp.app */,
				C8BC25A12046955600DBDF5D /* SlideshowAppTests.xctest */,
				C8BC25AC2046955600DBDF5D /* SlideshowAppUITests.xctest */,
			);
			name = Products;
			sourceTree = "<group>";
		};
		C8BC258F2046955600DBDF5D /* SlideshowApp */ = {
			isa = PBXGroup;
			children = (
				C8BC25902046955600DBDF5D /* AppDelegate.swift */,
				C8BC25922046955600DBDF5D /* ViewController.swift */,
				C8BC25942046955600DBDF5D /* Main.storyboard */,
				C8BC25BE204696F000DBDF5D /* 画像①.jpg */,
				C8BC25C220469A0C00DBDF5D /* 画像②.jpg */,
				C8BC25C420469A0F00DBDF5D /* 画像③.jpg */,
				C8BC25972046955600DBDF5D /* Assets.xcassets */,
				C8BC25992046955600DBDF5D /* LaunchScreen.storyboard */,
				C8BC259C2046955600DBDF5D /* Info.plist */,
				C8BC25C0204697EC00DBDF5D /* resultViewController.swift */,
			);
			path = SlideshowApp;
			sourceTree = "<group>";
		};
		C8BC25A42046955600DBDF5D /* SlideshowAppTests */ = {
			isa = PBXGroup;
			children = (
				C8BC25A52046955600DBDF5D /* SlideshowAppTests.swift */,
				C8BC25A72046955600DBDF5D /* Info.plist */,
			);
			path = SlideshowAppTests;
			sourceTree = "<group>";
		};
		C8BC25AF2046955600DBDF5D /* SlideshowAppUITests */ = {
			isa = PBXGroup;
			children = (
				C8BC25B02046955600DBDF5D /* SlideshowAppUITests.swift */,
				C8BC25B22046955600DBDF5D /* Info.plist */,
			);
			path = SlideshowAppUITests;
			sourceTree = "<group>";
		};
/* End PBXGroup section */

/* Begin PBXNativeTarget section */
		C8BC258C2046955600DBDF5D /* SlideshowApp */ = {
			isa = PBXNativeTarget;
			buildConfigurationList = C8BC25B52046955600DBDF5D /* Build configuration list for PBXNativeTarget "SlideshowApp" */;
			buildPhases = (
				C8BC25892046955600DBDF5D /* Sources */,
				C8BC258A2046955600DBDF5D /* Frameworks */,
				C8BC258B2046955600DBDF5D /* Resources */,
			);
			buildRules = (
			);
			dependencies = (
			);
			name = SlideshowApp;
			productName = SlideshowApp;
			productReference = C8BC258D2046955600DBDF5D /* SlideshowApp.app */;
			productType = "com.apple.product-type.application";
		};
		C8BC25A02046955600DBDF5D /* SlideshowAppTests */ = {
			isa = PBXNativeTarget;
			buildConfigurationList = C8BC25B82046955600DBDF5D /* Build configuration list for PBXNativeTarget "SlideshowAppTests" */;
			buildPhases = (
				C8BC259D2046955600DBDF5D /* Sources */,
				C8BC259E2046955600DBDF5D /* Frameworks */,
				C8BC259F2046955600DBDF5D /* Resources */,
			);
			buildRules = (
			);
			dependencies = (
				C8BC25A32046955600DBDF5D /* PBXTargetDependency */,
			);
			name = SlideshowAppTests;
			productName = SlideshowAppTests;
			productReference = C8BC25A12046955600DBDF5D /* SlideshowAppTests.xctest */;
			productType = "com.apple.product-type.bundle.unit-test";
		};
		C8BC25AB2046955600DBDF5D /* SlideshowAppUITests */ = {
			isa = PBXNativeTarget;
			buildConfigurationList = C8BC25BB2046955600DBDF5D /* Build configuration list for PBXNativeTarget "SlideshowAppUITests" */;
			buildPhases = (
				C8BC25A82046955600DBDF5D /* Sources */,
				C8BC25A92046955600DBDF5D /* Frameworks */,
				C8BC25AA2046955600DBDF5D /* Resources */,
			);
			buildRules = (
			);
			dependencies = (
				C8BC25AE2046955600DBDF5D /* PBXTargetDependency */,
			);
			name = SlideshowAppUITests;
			productName = SlideshowAppUITests;
			productReference = C8BC25AC2046955600DBDF5D /* SlideshowAppUITests.xctest */;
			productType = "com.apple.product-type.bundle.ui-testing";
		};
/* End PBXNativeTarget section */

/* Begin PBXProject section */
		C8BC25852046955600DBDF5D /* Project object */ = {
			isa = PBXProject;
			attributes = {
				LastSwiftUpdateCheck = 0920;
				LastUpgradeCheck = 0920;
				ORGANIZATIONNAME = taisei.oshibi;
				TargetAttributes = {
					C8BC258C2046955600DBDF5D = {
						CreatedOnToolsVersion = 9.2;
						ProvisioningStyle = Automatic;
					};
					C8BC25A02046955600DBDF5D = {
						CreatedOnToolsVersion = 9.2;
						ProvisioningStyle = Automatic;
						TestTargetID = C8BC258C2046955600DBDF5D;
					};
					C8BC25AB2046955600DBDF5D = {
						CreatedOnToolsVersion = 9.2;
						ProvisioningStyle = Automatic;
						TestTargetID = C8BC258C2046955600DBDF5D;
					};
				};
			};
			buildConfigurationList = C8BC25882046955600DBDF5D /* Build configuration list for PBXProject "SlideshowApp" */;
			compatibilityVersion = "Xcode 8.0";
			developmentRegion = en;
			hasScannedForEncodings = 0;
			knownRegions = (
				en,
				Base,
			);
			mainGroup = C8BC25842046955600DBDF5D;
			productRefGroup = C8BC258E2046955600DBDF5D /* Products */;
			projectDirPath = "";
			projectRoot = "";
			targets = (
				C8BC258C2046955600DBDF5D /* SlideshowApp */,
				C8BC25A02046955600DBDF5D /* SlideshowAppTests */,
				C8BC25AB2046955600DBDF5D /* SlideshowAppUITests */,
			);
		};
/* End PBXProject section */

/* Begin PBXResourcesBuildPhase section */
		C8BC258B2046955600DBDF5D /* Resources */ = {
			isa = PBXResourcesBuildPhase;
			buildActionMask = 2147483647;
			files = (
				C8BC25C520469A0F00DBDF5D /* 画像③.jpg in Resources */,
				C8BC25BF204696F000DBDF5D /* 画像①.jpg in Resources */,
				C8BC259B2046955600DBDF5D /* LaunchScreen.storyboard in Resources */,
				C8BC25982046955600DBDF5D /* Assets.xcassets in Resources */,
				C8BC25962046955600DBDF5D /* Main.storyboard in Resources */,
				C8BC25C320469A0C00DBDF5D /* 画像②.jpg in Resources */,
			);
			runOnlyForDeploymentPostprocessing = 0;
		};
		C8BC259F2046955600DBDF5D /* Resources */ = {
			isa = PBXResourcesBuildPhase;
			buildActionMask = 2147483647;
			files = (
			);
			runOnlyForDeploymentPostprocessing = 0;
		};
		C8BC25AA2046955600DBDF5D /* Resources */ = {
			isa = PBXResourcesBuildPhase;
			buildActionMask = 2147483647;
			files = (
			);
			runOnlyForDeploymentPostprocessing = 0;
		};
/* End PBXResourcesBuildPhase section */

/* Begin PBXSourcesBuildPhase section */
		C8BC25892046955600DBDF5D /* Sources */ = {
			isa = PBXSourcesBuildPhase;
			buildActionMask = 2147483647;
			files = (
				C8BC25C1204697EC00DBDF5D /* resultViewController.swift in Sources */,
				C8BC25932046955600DBDF5D /* ViewController.swift in Sources */,
				C8BC25912046955600DBDF5D /* AppDelegate.swift in Sources */,
			);
			runOnlyForDeploymentPostprocessing = 0;
		};
		C8BC259D2046955600DBDF5D /* Sources */ = {
			isa = PBXSourcesBuildPhase;
			buildActionMask = 2147483647;
			files = (
				C8BC25A62046955600DBDF5D /* SlideshowAppTests.swift in Sources */,
			);
			runOnlyForDeploymentPostprocessing = 0;
		};
		C8BC25A82046955600DBDF5D /* Sources */ = {
			isa = PBXSourcesBuildPhase;
			buildActionMask = 2147483647;
			files = (
				C8BC25B12046955600DBDF5D /* SlideshowAppUITests.swift in Sources */,
			);
			runOnlyForDeploymentPostprocessing = 0;
		};
/* End PBXSourcesBuildPhase section */

/* Begin PBXTargetDependency section */
		C8BC25A32046955600DBDF5D /* PBXTargetDependency */ = {
			isa = PBXTargetDependency;
			target = C8BC258C2046955600DBDF5D /* SlideshowApp */;
			targetProxy = C8BC25A22046955600DBDF5D /* PBXContainerItemProxy */;
		};
		C8BC25AE2046955600DBDF5D /* PBXTargetDependency */ = {
			isa = PBXTargetDependency;
			target = C8BC258C2046955600DBDF5D /* SlideshowApp */;
			targetProxy = C8BC25AD2046955600DBDF5D /* PBXContainerItemProxy */;
		};
/* End PBXTargetDependency section */

/* Begin PBXVariantGroup section */
		C8BC25942046955600DBDF5D /* Main.storyboard */ = {
			isa = PBXVariantGroup;
			children = (
				C8BC25952046955600DBDF5D /* Base */,
			);
			name = Main.storyboard;
			sourceTree = "<group>";
		};
		C8BC25992046955600DBDF5D /* LaunchScreen.storyboard */ = {
			isa = PBXVariantGroup;
			children = (
				C8BC259A2046955600DBDF5D /* Base */,
			);
			name = LaunchScreen.storyboard;
			sourceTree = "<group>";
		};
/* End PBXVariantGroup section */

/* Begin XCBuildConfiguration section */
		C8BC25B32046955600DBDF5D /* Debug */ = {
			isa = XCBuildConfiguration;
			buildSettings = {
				ALWAYS_SEARCH_USER_PATHS = NO;
				CLANG_ANALYZER_NONNULL = YES;
				CLANG_ANALYZER_NUMBER_OBJECT_CONVERSION = YES_AGGRESSIVE;
				CLANG_CXX_LANGUAGE_STANDARD = "gnu++14";
				CLANG_CXX_LIBRARY = "libc++";
				CLANG_ENABLE_MODULES = YES;
				CLANG_ENABLE_OBJC_ARC = YES;
				CLANG_WARN_BLOCK_CAPTURE_AUTORELEASING = YES;
				CLANG_WARN_BOOL_CONVERSION = YES;
				CLANG_WARN_COMMA = YES;
				CLANG_WARN_CONSTANT_CONVERSION = YES;
				CLANG_WARN_DIRECT_OBJC_ISA_USAGE = YES_ERROR;
				CLANG_WARN_DOCUMENTATION_COMMENTS = YES;
				CLANG_WARN_EMPTY_BODY = YES;
				CLANG_WARN_ENUM_CONVERSION = YES;
				CLANG_WARN_INFINITE_RECURSION = YES;
				CLANG_WARN_INT_CONVERSION = YES;
				CLANG_WARN_NON_LITERAL_NULL_CONVERSION = YES;
				CLANG_WARN_OBJC_LITERAL_CONVERSION = YES;
				CLANG_WARN_OBJC_ROOT_CLASS = YES_ERROR;
				CLANG_WARN_RANGE_LOOP_ANALYSIS = YES;
				CLANG_WARN_STRICT_PROTOTYPES = YES;
				CLANG_WARN_SUSPICIOUS_MOVE = YES;
				CLANG_WARN_UNGUARDED_AVAILABILITY = YES_AGGRESSIVE;
				CLANG_WARN_UNREACHABLE_CODE = YES;
				CLANG_WARN__DUPLICATE_METHOD_MATCH = YES;
				CODE_SIGN_IDENTITY = "iPhone Developer";
				COPY_PHASE_STRIP = NO;
				DEBUG_INFORMATION_FORMAT = dwarf;
				ENABLE_STRICT_OBJC_MSGSEND = YES;
				ENABLE_TESTABILITY = YES;
				GCC_C_LANGUAGE_STANDARD = gnu11;
				GCC_DYNAMIC_NO_PIC = NO;
				GCC_NO_COMMON_BLOCKS = YES;
				GCC_OPTIMIZATION_LEVEL = 0;
				GCC_PREPROCESSOR_DEFINITIONS = (
					"DEBUG=1",
					"$(inherited)",
				);
				GCC_WARN_64_TO_32_BIT_CONVERSION = YES;
				GCC_WARN_ABOUT_RETURN_TYPE = YES_ERROR;
				GCC_WARN_UNDECLARED_SELECTOR = YES;
				GCC_WARN_UNINITIALIZED_AUTOS = YES_AGGRESSIVE;
				GCC_WARN_UNUSED_FUNCTION = YES;
				GCC_WARN_UNUSED_VARIABLE = YES;
				IPHONEOS_DEPLOYMENT_TARGET = 11.2;
				MTL_ENABLE_DEBUG_INFO = YES;
				ONLY_ACTIVE_ARCH = YES;
				SDKROOT = iphoneos;
				SWIFT_ACTIVE_COMPILATION_CONDITIONS = DEBUG;
				SWIFT_OPTIMIZATION_LEVEL = "-Onone";
			};
			name = Debug;
		};
		C8BC25B42046955600DBDF5D /* Release */ = {
			isa = XCBuildConfiguration;
			buildSettings = {
				ALWAYS_SEARCH_USER_PATHS = NO;
				CLANG_ANALYZER_NONNULL = YES;
				CLANG_ANALYZER_NUMBER_OBJECT_CONVERSION = YES_AGGRESSIVE;
				CLANG_CXX_LANGUAGE_STANDARD = "gnu++14";
				CLANG_CXX_LIBRARY = "libc++";
				CLANG_ENABLE_MODULES = YES;
				CLANG_ENABLE_OBJC_ARC = YES;
				CLANG_WARN_BLOCK_CAPTURE_AUTORELEASING = YES;
				CLANG_WARN_BOOL_CONVERSION = YES;
				CLANG_WARN_COMMA = YES;
				CLANG_WARN_CONSTANT_CONVERSION = YES;
				CLANG_WARN_DIRECT_OBJC_ISA_USAGE = YES_ERROR;
				CLANG_WARN_DOCUMENTATION_COMMENTS = YES;
				CLANG_WARN_EMPTY_BODY = YES;
				CLANG_WARN_ENUM_CONVERSION = YES;
				CLANG_WARN_INFINITE_RECURSION = YES;
				CLANG_WARN_INT_CONVERSION = YES;
				CLANG_WARN_NON_LITERAL_NULL_CONVERSION = YES;
				CLANG_WARN_OBJC_LITERAL_CONVERSION = YES;
				CLANG_WARN_OBJC_ROOT_CLASS = YES_ERROR;
				CLANG_WARN_RANGE_LOOP_ANALYSIS = YES;
				CLANG_WARN_STRICT_PROTOTYPES = YES;
				CLANG_WARN_SUSPICIOUS_MOVE = YES;
				CLANG_WARN_UNGUARDED_AVAILABILITY = YES_AGGRESSIVE;
				CLANG_WARN_UNREACHABLE_CODE = YES;
				CLANG_WARN__DUPLICATE_METHOD_MATCH = YES;
				CODE_SIGN_IDENTITY = "iPhone Developer";
				COPY_PHASE_STRIP = NO;
				DEBUG_INFORMATION_FORMAT = "dwarf-with-dsym";
				ENABLE_NS_ASSERTIONS = NO;
				ENABLE_STRICT_OBJC_MSGSEND = YES;
				GCC_C_LANGUAGE_STANDARD = gnu11;
				GCC_NO_COMMON_BLOCKS = YES;
				GCC_WARN_64_TO_32_BIT_CONVERSION = YES;
				GCC_WARN_ABOUT_RETURN_TYPE = YES_ERROR;
				GCC_WARN_UNDECLARED_SELECTOR = YES;
				GCC_WARN_UNINITIALIZED_AUTOS = YES_AGGRESSIVE;
				GCC_WARN_UNUSED_FUNCTION = YES;
				GCC_WARN_UNUSED_VARIABLE = YES;
				IPHONEOS_DEPLOYMENT_TARGET = 11.2;
				MTL_ENABLE_DEBUG_INFO = NO;
				SDKROOT = iphoneos;
				SWIFT_OPTIMIZATION_LEVEL = "-Owholemodule";
				VALIDATE_PRODUCT = YES;
			};
			name = Release;
		};
		C8BC25B62046955600DBDF5D /* Debug */ = {
			isa = XCBuildConfiguration;
			buildSettings = {
				ASSETCATALOG_COMPILER_APPICON_NAME = AppIcon;
				CODE_SIGN_STYLE = Automatic;
				INFOPLIST_FILE = SlideshowApp/Info.plist;
				LD_RUNPATH_SEARCH_PATHS = "$(inherited) @executable_path/Frameworks";
				PRODUCT_BUNDLE_IDENTIFIER = jp.techacasemy.taisei.oshibi.SlideshowApp;
				PRODUCT_NAME = "$(TARGET_NAME)";
				SWIFT_VERSION = 4.0;
				TARGETED_DEVICE_FAMILY = "1,2";
			};
			name = Debug;
		};
		C8BC25B72046955600DBDF5D /* Release */ = {
			isa = XCBuildConfiguration;
			buildSettings = {
				ASSETCATALOG_COMPILER_APPICON_NAME = AppIcon;
				CODE_SIGN_STYLE = Automatic;
				INFOPLIST_FILE = SlideshowApp/Info.plist;
				LD_RUNPATH_SEARCH_PATHS = "$(inherited) @executable_path/Frameworks";
				PRODUCT_BUNDLE_IDENTIFIER = jp.techacasemy.taisei.oshibi.SlideshowApp;
				PRODUCT_NAME = "$(TARGET_NAME)";
				SWIFT_VERSION = 4.0;
				TARGETED_DEVICE_FAMILY = "1,2";
			};
			name = Release;
		};
		C8BC25B92046955600DBDF5D /* Debug */ = {
			isa = XCBuildConfiguration;
			buildSettings = {
				ALWAYS_EMBED_SWIFT_STANDARD_LIBRARIES = YES;
				BUNDLE_LOADER = "$(TEST_HOST)";
				CODE_SIGN_STYLE = Automatic;
				INFOPLIST_FILE = SlideshowAppTests/Info.plist;
				LD_RUNPATH_SEARCH_PATHS = "$(inherited) @executable_path/Frameworks @loader_path/Frameworks";
				PRODUCT_BUNDLE_IDENTIFIER = jp.techacasemy.taisei.oshibi.SlideshowAppTests;
				PRODUCT_NAME = "$(TARGET_NAME)";
				SWIFT_VERSION = 4.0;
				TARGETED_DEVICE_FAMILY = "1,2";
				TEST_HOST = "$(BUILT_PRODUCTS_DIR)/SlideshowApp.app/SlideshowApp";
			};
			name = Debug;
		};
		C8BC25BA2046955600DBDF5D /* Release */ = {
			isa = XCBuildConfiguration;
			buildSettings = {
				ALWAYS_EMBED_SWIFT_STANDARD_LIBRARIES = YES;
				BUNDLE_LOADER = "$(TEST_HOST)";
				CODE_SIGN_STYLE = Automatic;
				INFOPLIST_FILE = SlideshowAppTests/Info.plist;
				LD_RUNPATH_SEARCH_PATHS = "$(inherited) @executable_path/Frameworks @loader_path/Frameworks";
				PRODUCT_BUNDLE_IDENTIFIER = jp.techacasemy.taisei.oshibi.SlideshowAppTests;
				PRODUCT_NAME = "$(TARGET_NAME)";
				SWIFT_VERSION = 4.0;
				TARGETED_DEVICE_FAMILY = "1,2";
				TEST_HOST = "$(BUILT_PRODUCTS_DIR)/SlideshowApp.app/SlideshowApp";
			};
			name = Release;
		};
		C8BC25BC2046955600DBDF5D /* Debug */ = {
			isa = XCBuildConfiguration;
			buildSettings = {
				ALWAYS_EMBED_SWIFT_STANDARD_LIBRARIES = YES;
				CODE_SIGN_STYLE = Automatic;
				INFOPLIST_FILE = SlideshowAppUITests/Info.plist;
				LD_RUNPATH_SEARCH_PATHS = "$(inherited) @executable_path/Frameworks @loader_path/Frameworks";
				PRODUCT_BUNDLE_IDENTIFIER = jp.techacasemy.taisei.oshibi.SlideshowAppUITests;
				PRODUCT_NAME = "$(TARGET_NAME)";
				SWIFT_VERSION = 4.0;
				TARGETED_DEVICE_FAMILY = "1,2";
				TEST_TARGET_NAME = SlideshowApp;
			};
			name = Debug;
		};
		C8BC25BD2046955600DBDF5D /* Release */ = {
			isa = XCBuildConfiguration;
			buildSettings = {
				ALWAYS_EMBED_SWIFT_STANDARD_LIBRARIES = YES;
				CODE_SIGN_STYLE = Automatic;
				INFOPLIST_FILE = SlideshowAppUITests/Info.plist;
				LD_RUNPATH_SEARCH_PATHS = "$(inherited) @executable_path/Frameworks @loader_path/Frameworks";
				PRODUCT_BUNDLE_IDENTIFIER = jp.techacasemy.taisei.oshibi.SlideshowAppUITests;
				PRODUCT_NAME = "$(TARGET_NAME)";
				SWIFT_VERSION = 4.0;
				TARGETED_DEVICE_FAMILY = "1,2";
				TEST_TARGET_NAME = SlideshowApp;
			};
			name = Release;
		};
/* End XCBuildConfiguration section */

/* Begin XCConfigurationList section */
		C8BC25882046955600DBDF5D /* Build configuration list for PBXProject "SlideshowApp" */ = {
			isa = XCConfigurationList;
			buildConfigurations = (
				C8BC25B32046955600DBDF5D /* Debug */,
				C8BC25B42046955600DBDF5D /* Release */,
			);
			defaultConfigurationIsVisible = 0;
			defaultConfigurationName = Release;
		};
		C8BC25B52046955600DBDF5D /* Build configuration list for PBXNativeTarget "SlideshowApp" */ = {
			isa = XCConfigurationList;
			buildConfigurations = (
				C8BC25B62046955600DBDF5D /* Debug */,
				C8BC25B72046955600DBDF5D /* Release */,
			);
			defaultConfigurationIsVisible = 0;
			defaultConfigurationName = Release;
		};
		C8BC25B82046955600DBDF5D /* Build configuration list for PBXNativeTarget "SlideshowAppTests" */ = {
			isa = XCConfigurationList;
			buildConfigurations = (
				C8BC25B92046955600DBDF5D /* Debug */,
				C8BC25BA2046955600DBDF5D /* Release */,
			);
			defaultConfigurationIsVisible = 0;
			defaultConfigurationName = Release;
		};
		C8BC25BB2046955600DBDF5D /* Build configuration list for PBXNativeTarget "SlideshowAppUITests" */ = {
			isa = XCConfigurationList;
			buildConfigurations = (
				C8BC25BC2046955600DBDF5D /* Debug */,
				C8BC25BD2046955600DBDF5D /* Release */,
			);
			defaultConfigurationIsVisible = 0;
			defaultConfigurationName = Release;
		};
/* End XCConfigurationList section */
	};
	rootObject = C8BC25852046955600DBDF5D /* Project object */;
}
